
Microsoft Visual Studio Solution File, Format Version 12.00
# Visual Studio Version 16
VisualStudioVersion = 16.0.31019.35
MinimumVisualStudioVersion = 10.0.40219.1
Project("{FAE04EC0-301F-11D3-BF4B-00C04F79EFBC}") = "Assignment", "Assignment.csproj", "{17265C6F-75C6-451E-9FF5-C1D264ED8047}"
EndProject
Global
	GlobalSection(SolutionConfigurationPlatforms) = preSolution
		Debug|Any CPU = Debug|Any CPU
		Release|Any CPU = Release|Any CPU
	EndGlobalSection
	GlobalSection(ProjectConfigurationPlatforms) = postSolution
		{17265C6F-75C6-451E-9FF5-C1D264ED8047}.Debug|Any CPU.ActiveCfg = Debug|Any CPU
		{17265C6F-75C6-451E-9FF5-C1D264ED8047}.Debug|Any CPU.Build.0 = Debug|Any CPU
		{17265C6F-75C6-451E-9FF5-C1D264ED8047}.Release|Any CPU.ActiveCfg = Release|Any CPU
		{17265C6F-75C6-451E-9FF5-C1D264ED8047}.Release|Any CPU.Build.0 = Release|Any CPU
	EndGlobalSection
	GlobalSection(SolutionProperties) = preSolution
		HideSolutionNode = FALSE
	EndGlobalSection
	GlobalSection(ExtensibilityGlobals) = postSolution
		SolutionGuid = {E1C755B5-D4F3-4D2D-937B-86BE7AD4B838}
	EndGlobalSection
EndGlobal
